<?xml version="1.0" encoding="utf-8"?>
<Project ToolsVersion="4.0" xmlns="http://schemas.microsoft.com/developer/msbuild/2003">
  <ItemGroup>
    <Filter Include="view">
      <UniqueIdentifier>{52c82184-bae4-4dbc-a9d7-c0ac6668047e}</UniqueIdentifier>
    </Filter>
    <Filter Include="view\stage">
      <UniqueIdentifier>{48d48c6b-c169-4d9c-a227-ae13808ef908}</UniqueIdentifier>
    </Filter>
    <Filter Include="editop">
      <UniqueIdentifier>{b254b4ae-06bf-4f2d-bb3b-522aafe857ed}</UniqueIdentifier>
    </Filter>
    <Filter Include="editop\camera">
      <UniqueIdentifier>{632ee775-9621-4e3b-b1de-3b09d6ffb460}</UniqueIdentifier>
    </Filter>
    <Filter Include="editop\camera\state">
      <UniqueIdentifier>{e1c47c7a-aa01-41ac-8dd3-3097eb04ded3}</UniqueIdentifier>
    </Filter>
    <Filter Include="editop\node">
      <UniqueIdentifier>{1f4a775d-1f2e-47f3-90e2-1f167a47bade}</UniqueIdentifier>
    </Filter>
    <Filter Include="view\detail">
      <UniqueIdentifier>{74500f27-1f9e-487e-9dc9-6da4e20f5958}</UniqueIdentifier>
    </Filter>
    <Filter Include="view\detail\color">
      <UniqueIdentifier>{69313306-4756-4045-abaf-2de0cf350b6a}</UniqueIdentifier>
    </Filter>
    <Filter Include="view\detail\geo">
      <UniqueIdentifier>{3b67399f-8c5d-4f5f-911b-e4cf78e2208f}</UniqueIdentifier>
    </Filter>
    <Filter Include="editop\node\select">
      <UniqueIdentifier>{5b31a0eb-16a0-4a51-8b96-69453ac32a3d}</UniqueIdentifier>
    </Filter>
    <Filter Include="editop\node\arrange">
      <UniqueIdentifier>{cb62d72c-1170-4e06-88a9-8062d23ded61}</UniqueIdentifier>
    </Filter>
    <Filter Include="editop\node\arrange\state">
      <UniqueIdentifier>{7379b8d3-ecd7-4b89-862b-5f88bc812364}</UniqueIdentifier>
    </Filter>
    <Filter Include="editop\node\arrange\tools">
      <UniqueIdentifier>{568d0ca7-9b89-4131-a221-44638d2ab752}</UniqueIdentifier>
    </Filter>
    <Filter Include="record">
      <UniqueIdentifier>{afbd60ca-741d-4792-b0f1-34d496e32755}</UniqueIdentifier>
    </Filter>
    <Filter Include="record\atomic">
      <UniqueIdentifier>{9ee6b483-01ac-4f0f-be49-3a671a5d3e4d}</UniqueIdentifier>
    </Filter>
    <Filter Include="record\atomic\arrange">
      <UniqueIdentifier>{7c43d6a9-fa5b-48f3-a243-e22ff00aa33f}</UniqueIdentifier>
    </Filter>
    <Filter Include="record\atomic\others">
      <UniqueIdentifier>{724ac822-5bb2-4790-9cbc-18abc567b078}</UniqueIdentifier>
    </Filter>
    <Filter Include="utility">
      <UniqueIdentifier>{140aa354-3c70-4fb6-8f89-2a0f73b192d2}</UniqueIdentifier>
    </Filter>
    <Filter Include="record\atomic\others\group">
      <UniqueIdentifier>{76c91616-b253-4742-9be0-a08e0ffdbb8f}</UniqueIdentifier>
    </Filter>
    <Filter Include="record\atomic\others\editor">
      <UniqueIdentifier>{fd6f7008-7891-49fb-9778-97b5b71f382f}</UniqueIdentifier>
    </Filter>
    <Filter Include="record\atomic\others\node">
      <UniqueIdentifier>{00826c2c-2522-4ebd-83d4-a96a02277380}</UniqueIdentifier>
    </Filter>
    <Filter Include="record\atomic\arrange\order">
      <UniqueIdentifier>{33e436ed-0e6e-42b2-91bb-4bdb47dce685}</UniqueIdentifier>
    </Filter>
    <Filter Include="view\detail\asset">
      <UniqueIdentifier>{8107ecf2-9dbf-4eea-95ce-abc7c63ece8a}</UniqueIdentifier>
    </Filter>
    <Filter Include="view\detail\render">
      <UniqueIdentifier>{aff2b4a6-990e-4c35-9d4b-bb682214c42b}</UniqueIdentifier>
    </Filter>
    <Filter Include="view\detail\script">
      <UniqueIdentifier>{cb8f55fa-b12b-466d-aafa-65c48770f0be}</UniqueIdentifier>
    </Filter>
  </ItemGroup>
  <ItemGroup>
    <ClInclude Include="..\..\..\include\ee2\CamControlOP.h">
      <Filter>editop\camera</Filter>
    </ClInclude>
    <ClInclude Include="..\..\..\include\ee2\CamZoomState.h">
      <Filter>editop\camera\state</Filter>
    </ClInclude>
    <ClInclude Include="..\..\..\include\ee2\CamTranslateState.h">
      <Filter>editop\camera\state</Filter>
    </ClInclude>
    <ClInclude Include="..\..\..\include\ee2\WxStageDropTarget.h">
      <Filter>view\stage</Filter>
    </ClInclude>
    <ClInclude Include="..\..\..\include\ee2\WxStageCanvas.h">
      <Filter>view\stage</Filter>
    </ClInclude>
    <ClInclude Include="..\..\..\include\ee2\WxCompColComPanel.h">
      <Filter>view\detail\color</Filter>
    </ClInclude>
    <ClInclude Include="..\..\..\include\ee2\WxCompColMapPanel.h">
      <Filter>view\detail\color</Filter>
    </ClInclude>
    <ClInclude Include="..\..\..\include\ee2\WxCompImagePanel.h">
      <Filter>view\detail\asset</Filter>
    </ClInclude>
    <ClInclude Include="..\..\..\include\ee2\WxCompTextPanel.h">
      <Filter>view\detail\asset</Filter>
    </ClInclude>
    <ClInclude Include="..\..\..\include\ee2\WxCompTransformPanel.h">
      <Filter>view\detail\geo</Filter>
    </ClInclude>
    <ClInclude Include="..\..\..\include\ee2\WxCompSprite2Panel.h">
      <Filter>view\detail\asset</Filter>
    </ClInclude>
    <ClInclude Include="..\..\..\include\ee2\WxCompMaskPanel.h">
      <Filter>view\detail\asset</Filter>
    </ClInclude>
    <ClInclude Include="..\..\..\include\ee2\WxCompMeshPanel.h">
      <Filter>view\detail\asset</Filter>
    </ClInclude>
    <ClInclude Include="..\..\..\include\ee2\WxCompScale9Panel.h">
      <Filter>view\detail\asset</Filter>
    </ClInclude>
    <ClInclude Include="..\..\..\include\ee2\DrawSelectRectState.h">
      <Filter>editop\node\select</Filter>
    </ClInclude>
    <ClInclude Include="..\..\..\include\ee2\NodeSelectOP.h">
      <Filter>editop\node\select</Filter>
    </ClInclude>
    <ClInclude Include="..\..\..\include\ee2\TranslateNodeState.h">
      <Filter>editop\node\arrange\state</Filter>
    </ClInclude>
    <ClInclude Include="..\..\..\include\ee2\ShearNodeState.h">
      <Filter>editop\node\arrange\state</Filter>
    </ClInclude>
    <ClInclude Include="..\..\..\include\ee2\ScaleNodeState.h">
      <Filter>editop\node\arrange\state</Filter>
    </ClInclude>
    <ClInclude Include="..\..\..\include\ee2\RotateNodeState.h">
      <Filter>editop\node\arrange\state</Filter>
    </ClInclude>
    <ClInclude Include="..\..\..\include\ee2\OffsetNodeState.h">
      <Filter>editop\node\arrange\state</Filter>
    </ClInclude>
    <ClInclude Include="..\..\..\include\ee2\CopyPasteNodeState.h">
      <Filter>editop\node\arrange\state</Filter>
    </ClInclude>
    <ClInclude Include="..\..\..\include\ee2\MoveNodeState.h">
      <Filter>editop\node\arrange\state</Filter>
    </ClInclude>
    <ClInclude Include="..\..\..\include\ee2\NodeCtrlPoint.h">
      <Filter>editop\node\arrange\tools</Filter>
    </ClInclude>
    <ClInclude Include="..\..\..\include\ee2\AutoAlign.h">
      <Filter>editop\node\arrange\tools</Filter>
    </ClInclude>
    <ClInclude Include="..\..\..\include\ee2\ArrangeNodeCfg.h">
      <Filter>editop\node\arrange</Filter>
    </ClInclude>
    <ClInclude Include="..\..\..\include\ee2\ArrangeNodeImpl.h">
      <Filter>editop\node\arrange</Filter>
    </ClInclude>
    <ClInclude Include="..\..\..\include\ee2\ArrangeNodeOP.h">
      <Filter>editop\node\arrange</Filter>
    </ClInclude>
    <ClInclude Include="..\..\..\include\ee2\CombineAO.h">
      <Filter>record\atomic</Filter>
    </ClInclude>
    <ClInclude Include="..\..\..\include\ee2\OffsetNodeAO.h">
      <Filter>record\atomic\arrange</Filter>
    </ClInclude>
    <ClInclude Include="..\..\..\include\ee2\RotateNodeAO.h">
      <Filter>record\atomic\arrange</Filter>
    </ClInclude>
    <ClInclude Include="..\..\..\include\ee2\ScaleNodeAO.h">
      <Filter>record\atomic\arrange</Filter>
    </ClInclude>
    <ClInclude Include="..\..\..\include\ee2\ShearNodeAO.h">
      <Filter>record\atomic\arrange</Filter>
    </ClInclude>
    <ClInclude Include="..\..\..\include\ee2\TranslateNodeAO.h">
      <Filter>record\atomic\arrange</Filter>
    </ClInclude>
    <ClInclude Include="..\..\..\include\ee2\NodeGroupHelper.h">
      <Filter>utility</Filter>
    </ClInclude>
    <ClInclude Include="..\..\..\include\ee2\BuildGroupAO.h">
      <Filter>record\atomic\others\group</Filter>
    </ClInclude>
    <ClInclude Include="..\..\..\include\ee2\EditableNodeAO.h">
      <Filter>record\atomic\others\editor</Filter>
    </ClInclude>
    <ClInclude Include="..\..\..\include\ee2\VisibleNodeAO.h">
      <Filter>record\atomic\others\editor</Filter>
    </ClInclude>
    <ClInclude Include="..\..\..\include\ee2\DeleteNodeAO.h">
      <Filter>record\atomic\others\node</Filter>
    </ClInclude>
    <ClInclude Include="..\..\..\include\ee2\InsertNodeAO.h">
      <Filter>record\atomic\others\node</Filter>
    </ClInclude>
    <ClInclude Include="..\..\..\include\ee2\BreakUpAO.h">
      <Filter>record\atomic\others\group</Filter>
    </ClInclude>
    <ClInclude Include="..\..\..\include\ee2\NodeReorderHelper.h">
      <Filter>utility</Filter>
    </ClInclude>
    <ClInclude Include="..\..\..\include\ee2\DownLayerNodeAO.h">
      <Filter>record\atomic\arrange\order</Filter>
    </ClInclude>
    <ClInclude Include="..\..\..\include\ee2\UpLayerNodeAO.h">
      <Filter>record\atomic\arrange\order</Filter>
    </ClInclude>
    <ClInclude Include="..\..\..\include\ee2\WxCompScissorPanel.h">
      <Filter>view\detail\render</Filter>
    </ClInclude>
    <ClInclude Include="..\..\..\include\ee2\WxCompScriptPanel.h">
      <Filter>view\detail\script</Filter>
    </ClInclude>
  </ItemGroup>
  <ItemGroup>
    <ClCompile Include="..\..\..\source\editop\CamControlOP.cpp">
      <Filter>editop\camera</Filter>
    </ClCompile>
    <ClCompile Include="..\..\..\source\editop\CamZoomState.cpp">
      <Filter>editop\camera\state</Filter>
    </ClCompile>
    <ClCompile Include="..\..\..\source\editop\CamTranslateState.cpp">
      <Filter>editop\camera\state</Filter>
    </ClCompile>
    <ClCompile Include="..\..\..\source\view\WxStageDropTarget.cpp">
      <Filter>view\stage</Filter>
    </ClCompile>
    <ClCompile Include="..\..\..\source\view\WxStageCanvas.cpp">
      <Filter>view\stage</Filter>
    </ClCompile>
    <ClCompile Include="..\..\..\source\view\WxCompColComPanel.cpp">
      <Filter>view\detail\color</Filter>
    </ClCompile>
    <ClCompile Include="..\..\..\source\view\WxCompColMapPanel.cpp">
      <Filter>view\detail\color</Filter>
    </ClCompile>
    <ClCompile Include="..\..\..\source\view\WxCompImagePanel.cpp">
      <Filter>view\detail\asset</Filter>
    </ClCompile>
    <ClCompile Include="..\..\..\source\view\WxCompTextPanel.cpp">
      <Filter>view\detail\asset</Filter>
    </ClCompile>
    <ClCompile Include="..\..\..\source\view\WxCompTransformPanel.cpp">
      <Filter>view\detail\geo</Filter>
    </ClCompile>
    <ClCompile Include="..\..\..\source\view\WxCompSprite2Panel.cpp">
      <Filter>view\detail\asset</Filter>
    </ClCompile>
    <ClCompile Include="..\..\..\source\view\WxCompMaskPanel.cpp">
      <Filter>view\detail\asset</Filter>
    </ClCompile>
    <ClCompile Include="..\..\..\source\view\WxCompMeshPanel.cpp">
      <Filter>view\detail\asset</Filter>
    </ClCompile>
    <ClCompile Include="..\..\..\source\view\WxCompScale9Panel.cpp">
      <Filter>view\detail\asset</Filter>
    </ClCompile>
    <ClCompile Include="..\..\..\source\editop\DrawSelectRectState.cpp">
      <Filter>editop\node\select</Filter>
    </ClCompile>
    <ClCompile Include="..\..\..\source\editop\NodeSelectOP.cpp">
      <Filter>editop\node\select</Filter>
    </ClCompile>
    <ClCompile Include="..\..\..\source\editop\TranslateNodeState.cpp">
      <Filter>editop\node\arrange\state</Filter>
    </ClCompile>
    <ClCompile Include="..\..\..\source\editop\ShearNodeState.cpp">
      <Filter>editop\node\arrange\state</Filter>
    </ClCompile>
    <ClCompile Include="..\..\..\source\editop\RotateNodeState.cpp">
      <Filter>editop\node\arrange\state</Filter>
    </ClCompile>
    <ClCompile Include="..\..\..\source\editop\ScaleNodeState.cpp">
      <Filter>editop\node\arrange\state</Filter>
    </ClCompile>
    <ClCompile Include="..\..\..\source\editop\OffsetNodeState.cpp">
      <Filter>editop\node\arrange\state</Filter>
    </ClCompile>
    <ClCompile Include="..\..\..\source\editop\CopyPasteNodeState.cpp">
      <Filter>editop\node\arrange\state</Filter>
    </ClCompile>
    <ClCompile Include="..\..\..\source\editop\MoveNodeState.cpp">
      <Filter>editop\node\arrange\state</Filter>
    </ClCompile>
    <ClCompile Include="..\..\..\source\editop\NodeCtrlPoint.cpp">
      <Filter>editop\node\arrange\tools</Filter>
    </ClCompile>
    <ClCompile Include="..\..\..\source\editop\AutoAlign.cpp">
      <Filter>editop\node\arrange\tools</Filter>
    </ClCompile>
    <ClCompile Include="..\..\..\source\editop\ArrangeNodeCfg.cpp">
      <Filter>editop\node\arrange</Filter>
    </ClCompile>
    <ClCompile Include="..\..\..\source\editop\ArrangeNodeImpl.cpp">
      <Filter>editop\node\arrange</Filter>
    </ClCompile>
    <ClCompile Include="..\..\..\source\editop\ArrangeNodeOP.cpp">
      <Filter>editop\node\arrange</Filter>
    </ClCompile>
    <ClCompile Include="..\..\..\source\record\CombineAO.cpp">
      <Filter>record\atomic</Filter>
    </ClCompile>
    <ClCompile Include="..\..\..\source\record\OffsetNodeAO.cpp">
      <Filter>record\atomic\arrange</Filter>
    </ClCompile>
    <ClCompile Include="..\..\..\source\record\RotateNodeAO.cpp">
      <Filter>record\atomic\arrange</Filter>
    </ClCompile>
    <ClCompile Include="..\..\..\source\record\ScaleNodeAO.cpp">
      <Filter>record\atomic\arrange</Filter>
    </ClCompile>
    <ClCompile Include="..\..\..\source\record\ShearNodeAO.cpp">
      <Filter>record\atomic\arrange</Filter>
    </ClCompile>
    <ClCompile Include="..\..\..\source\record\TranslateNodeAO.cpp">
      <Filter>record\atomic\arrange</Filter>
    </ClCompile>
    <ClCompile Include="..\..\..\source\utility\NodeGroupHelper.cpp">
      <Filter>utility</Filter>
    </ClCompile>
    <ClCompile Include="..\..\..\source\record\BuildGroupAO.cpp">
      <Filter>record\atomic\others\group</Filter>
    </ClCompile>
    <ClCompile Include="..\..\..\source\record\EditableNodeAO.cpp">
      <Filter>record\atomic\others\editor</Filter>
    </ClCompile>
    <ClCompile Include="..\..\..\source\record\VisibleNodeAO.cpp">
      <Filter>record\atomic\others\editor</Filter>
    </ClCompile>
    <ClCompile Include="..\..\..\source\record\DeleteNodeAO.cpp">
      <Filter>record\atomic\others\node</Filter>
    </ClCompile>
    <ClCompile Include="..\..\..\source\record\InsertNodeAO.cpp">
      <Filter>record\atomic\others\node</Filter>
    </ClCompile>
    <ClCompile Include="..\..\..\source\utility\BreakUpAO.cpp">
      <Filter>record\atomic\others\group</Filter>
    </ClCompile>
    <ClCompile Include="..\..\..\source\utility\NodeReorderHelper.cpp">
      <Filter>utility</Filter>
    </ClCompile>
    <ClCompile Include="..\..\..\source\record\DownLayerNodeAO.cpp">
      <Filter>record\atomic\arrange\order</Filter>
    </ClCompile>
    <ClCompile Include="..\..\..\source\record\UpLayerNodeAO.cpp">
      <Filter>record\atomic\arrange\order</Filter>
    </ClCompile>
    <ClCompile Include="..\..\..\source\view\WxCompScissorPanel.cpp">
      <Filter>view\detail\render</Filter>
    </ClCompile>
    <ClCompile Include="..\..\..\source\view\WxCompScriptPanel.cpp">
      <Filter>view\detail\script</Filter>
    </ClCompile>
  </ItemGroup>
</Project>